
Microsoft Visual Studio Solution File, Format Version 12.00
# Visual Studio 15
VisualStudioVersion = 15.0.26730.10
MinimumVisualStudioVersion = 10.0.40219.1
Project("{FAE04EC0-301F-11D3-BF4B-00C04F79EFBC}") = "CoverageLab", "CoverageLab\CoverageLab.csproj", "{BF11C9A5-911E-45A1-AD7F-BD297C99459D}"
EndProject
Project("{FAE04EC0-301F-11D3-BF4B-00C04F79EFBC}") = "CoverageLab.Test", "CoverageLab.Test\CoverageLab.Test.csproj", "{F9947224-7D94-483E-BB7E-35CE45F1FB35}"
EndProject
Project("{2150E333-8FDC-42A3-9474-1A3956D46DE8}") = "ExternalTools", "ExternalTools", "{06A70DD6-823E-4B7E-9ABC-FE087D38C723}"
	ProjectSection(SolutionItems) = preProject
		config.runsettings = config.runsettings
		nuget.exe = nuget.exe
	EndProjectSection
EndProject
Global
	GlobalSection(SolutionConfigurationPlatforms) = preSolution
		Debug|Any CPU = Debug|Any CPU
		Release|Any CPU = Release|Any CPU
	EndGlobalSection
	GlobalSection(ProjectConfigurationPlatforms) = postSolution
		{BF11C9A5-911E-45A1-AD7F-BD297C99459D}.Debug|Any CPU.ActiveCfg = Debug|Any CPU
		{BF11C9A5-911E-45A1-AD7F-BD297C99459D}.Debug|Any CPU.Build.0 = Debug|Any CPU
		{BF11C9A5-911E-45A1-AD7F-BD297C99459D}.Release|Any CPU.ActiveCfg = Release|Any CPU
		{BF11C9A5-911E-45A1-AD7F-BD297C99459D}.Release|Any CPU.Build.0 = Release|Any CPU
		{F9947224-7D94-483E-BB7E-35CE45F1FB35}.Debug|Any CPU.ActiveCfg = Debug|Any CPU
		{F9947224-7D94-483E-BB7E-35CE45F1FB35}.Debug|Any CPU.Build.0 = Debug|Any CPU
		{F9947224-7D94-483E-BB7E-35CE45F1FB35}.Release|Any CPU.ActiveCfg = Release|Any CPU
		{F9947224-7D94-483E-BB7E-35CE45F1FB35}.Release|Any CPU.Build.0 = Release|Any CPU
	EndGlobalSection
	GlobalSection(SolutionProperties) = preSolution
		HideSolutionNode = FALSE
	EndGlobalSection
	GlobalSection(ExtensibilityGlobals) = postSolution
		SolutionGuid = {83E23749-9C5D-4BEA-9DCE-ADD49B1F5EBC}
	EndGlobalSection
EndGlobal
